
Microsoft Visual Studio Solution File, Format Version 12.00
# Visual Studio Version 16
VisualStudioVersion = 16.0.29411.108
MinimumVisualStudioVersion = 15.0.26124.0
Project("{8BC9CEB8-8B4A-11D0-8D11-00A0C91BC942}") = "etl2pcapng", "etl2pcapng\etl2pcapng.vcxproj", "{CFBFA41A-1D26-45FC-8BDF-310059D7A015}"
EndProject
Project("{8BC9CEB8-8B4A-11D0-8D11-00A0C91BC942}") = "ndis_pcap", "ndis_pcap\ndis_pcap.vcxproj", "{C9764784-750D-47C9-808D-223E1A9A6F5E}"
EndProject
Global
	GlobalSection(SolutionConfigurationPlatforms) = preSolution
		Debug|x64 = Debug|x64
		Debug|x86 = Debug|x86
		Release|x64 = Release|x64
		Release|x86 = Release|x86
	EndGlobalSection
	GlobalSection(ProjectConfigurationPlatforms) = postSolution
		{CFBFA41A-1D26-45FC-8BDF-310059D7A015}.Debug|x64.ActiveCfg = Debug|x64
		{CFBFA41A-1D26-45FC-8BDF-310059D7A015}.Debug|x64.Build.0 = Debug|x64
		{CFBFA41A-1D26-45FC-8BDF-310059D7A015}.Debug|x86.ActiveCfg = Debug|Win32
		{CFBFA41A-1D26-45FC-8BDF-310059D7A015}.Debug|x86.Build.0 = Debug|Win32
		{CFBFA41A-1D26-45FC-8BDF-310059D7A015}.Release|x64.ActiveCfg = Release|x64
		{CFBFA41A-1D26-45FC-8BDF-310059D7A015}.Release|x64.Build.0 = Release|x64
		{CFBFA41A-1D26-45FC-8BDF-310059D7A015}.Release|x86.ActiveCfg = Release|Win32
		{CFBFA41A-1D26-45FC-8BDF-310059D7A015}.Release|x86.Build.0 = Release|Win32
		{C9764784-750D-47C9-808D-223E1A9A6F5E}.Debug|x64.ActiveCfg = Debug|x64
		{C9764784-750D-47C9-808D-223E1A9A6F5E}.Debug|x64.Build.0 = Debug|x64
		{C9764784-750D-47C9-808D-223E1A9A6F5E}.Debug|x86.ActiveCfg = Debug|Win32
		{C9764784-750D-47C9-808D-223E1A9A6F5E}.Debug|x86.Build.0 = Debug|Win32
		{C9764784-750D-47C9-808D-223E1A9A6F5E}.Release|x64.ActiveCfg = Release|x64
		{C9764784-750D-47C9-808D-223E1A9A6F5E}.Release|x64.Build.0 = Release|x64
		{C9764784-750D-47C9-808D-223E1A9A6F5E}.Release|x86.ActiveCfg = Release|Win32
		{C9764784-750D-47C9-808D-223E1A9A6F5E}.Release|x86.Build.0 = Release|Win32
	EndGlobalSection
	GlobalSection(SolutionProperties) = preSolution
		HideSolutionNode = FALSE
	EndGlobalSection
	GlobalSection(ExtensibilityGlobals) = postSolution
		SolutionGuid = {F955E64B-269B-455B-9E16-F8693AAA71F2}
	EndGlobalSection
EndGlobal
